
Microsoft Visual Studio Solution File, Format Version 12.00
# Visual Studio 15
VisualStudioVersion = 15.0.28307.1169
MinimumVisualStudioVersion = 10.0.40219.1
Project("{FAE04EC0-301F-11D3-BF4B-00C04F79EFBC}") = "CustomGameStats", "CustomGameStats.csproj", "{62262102-1A51-4B86-AB87-C396C135C090}"
EndProject
Global
	GlobalSection(SolutionConfigurationPlatforms) = preSolution
		Debug|Any CPU = Debug|Any CPU
		Release|Any CPU = Release|Any CPU
	EndGlobalSection
	GlobalSection(ProjectConfigurationPlatforms) = postSolution
		{62262102-1A51-4B86-AB87-C396C135C090}.Debug|Any CPU.ActiveCfg = Debug|Any CPU
		{62262102-1A51-4B86-AB87-C396C135C090}.Debug|Any CPU.Build.0 = Debug|Any CPU
		{62262102-1A51-4B86-AB87-C396C135C090}.Release|Any CPU.ActiveCfg = Release|Any CPU
		{62262102-1A51-4B86-AB87-C396C135C090}.Release|Any CPU.Build.0 = Release|Any CPU
	EndGlobalSection
	GlobalSection(SolutionProperties) = preSolution
		HideSolutionNode = FALSE
	EndGlobalSection
	GlobalSection(ExtensibilityGlobals) = postSolution
		SolutionGuid = {89229CBB-60DF-4FF9-9069-469D976783B6}
	EndGlobalSection
EndGlobal
